
Microsoft Visual Studio Solution File, Format Version 12.00
# Visual Studio 15
Project("{FAE04EC0-301F-11D3-BF4B-00C04F79EFBC}") = "Assembly-CSharp", "Assembly-CSharp.csproj", "{C8E22A5E-4798-DBFF-CAD9-064D1F32C1FA}"
EndProject
Project("{FAE04EC0-301F-11D3-BF4B-00C04F79EFBC}") = "Assembly-CSharp-Editor", "Assembly-CSharp-Editor.csproj", "{CEB36D03-FD35-45EC-876F-0520B846134F}"
EndProject
Global
	GlobalSection(SolutionConfigurationPlatforms) = preSolution
		Debug|Any CPU = Debug|Any CPU
		Release|Any CPU = Release|Any CPU
	EndGlobalSection
	GlobalSection(ProjectConfigurationPlatforms) = postSolution
		{C8E22A5E-4798-DBFF-CAD9-064D1F32C1FA}.Debug|Any CPU.ActiveCfg = Debug|Any CPU
		{C8E22A5E-4798-DBFF-CAD9-064D1F32C1FA}.Debug|Any CPU.Build.0 = Debug|Any CPU
		{C8E22A5E-4798-DBFF-CAD9-064D1F32C1FA}.Release|Any CPU.ActiveCfg = Release|Any CPU
		{C8E22A5E-4798-DBFF-CAD9-064D1F32C1FA}.Release|Any CPU.Build.0 = Release|Any CPU
		{CEB36D03-FD35-45EC-876F-0520B846134F}.Debug|Any CPU.ActiveCfg = Debug|Any CPU
		{CEB36D03-FD35-45EC-876F-0520B846134F}.Debug|Any CPU.Build.0 = Debug|Any CPU
		{CEB36D03-FD35-45EC-876F-0520B846134F}.Release|Any CPU.ActiveCfg = Release|Any CPU
		{CEB36D03-FD35-45EC-876F-0520B846134F}.Release|Any CPU.Build.0 = Release|Any CPU
	EndGlobalSection
	GlobalSection(SolutionProperties) = preSolution
		HideSolutionNode = FALSE
	EndGlobalSection
EndGlobal
